
Microsoft Visual Studio Solution File, Format Version 12.00
# Visual Studio 2013
VisualStudioVersion = 12.0.21005.1
MinimumVisualStudioVersion = 10.0.40219.1
Project("{FAE04EC0-301F-11D3-BF4B-00C04F79EFBC}") = "MainProgram", "MainProgram\MainProgram.csproj", "{3DF121E4-7DC2-4641-BB41-89A3CE2807E7}"
EndProject
Project("{FAE04EC0-301F-11D3-BF4B-00C04F79EFBC}") = "Classes", "ExtensionMethods\Classes.csproj", "{C81F920D-83F9-4005-AA09-C43E62F0CDCB}"
EndProject
Global
	GlobalSection(SolutionConfigurationPlatforms) = preSolution
		Debug|Any CPU = Debug|Any CPU
		Release|Any CPU = Release|Any CPU
	EndGlobalSection
	GlobalSection(ProjectConfigurationPlatforms) = postSolution
		{3DF121E4-7DC2-4641-BB41-89A3CE2807E7}.Debug|Any CPU.ActiveCfg = Debug|Any CPU
		{3DF121E4-7DC2-4641-BB41-89A3CE2807E7}.Debug|Any CPU.Build.0 = Debug|Any CPU
		{3DF121E4-7DC2-4641-BB41-89A3CE2807E7}.Release|Any CPU.ActiveCfg = Release|Any CPU
		{3DF121E4-7DC2-4641-BB41-89A3CE2807E7}.Release|Any CPU.Build.0 = Release|Any CPU
		{C81F920D-83F9-4005-AA09-C43E62F0CDCB}.Debug|Any CPU.ActiveCfg = Debug|Any CPU
		{C81F920D-83F9-4005-AA09-C43E62F0CDCB}.Debug|Any CPU.Build.0 = Debug|Any CPU
		{C81F920D-83F9-4005-AA09-C43E62F0CDCB}.Release|Any CPU.ActiveCfg = Release|Any CPU
		{C81F920D-83F9-4005-AA09-C43E62F0CDCB}.Release|Any CPU.Build.0 = Release|Any CPU
	EndGlobalSection
	GlobalSection(SolutionProperties) = preSolution
		HideSolutionNode = FALSE
	EndGlobalSection
EndGlobal
